// !$*UTF8*$!
{
	archiveVersion = 1;
	classes = {
	};
	objectVersion = 46;
	objects = {

/* Begin PBXBuildFile section */
		047783EF1D95ECB000AD4B3C /* AppDelegate.swift in Sources */ = {isa = PBXBuildFile; fileRef = 047783EE1D95ECB000AD4B3C /* AppDelegate.swift */; };
		047783F11D95ECB000AD4B3C /* ViewController.swift in Sources */ = {isa = PBXBuildFile; fileRef = 047783F01D95ECB000AD4B3C /* ViewController.swift */; };
		047783F41D95ECB000AD4B3C /* Main.storyboard in Resources */ = {isa = PBXBuildFile; fileRef = 047783F21D95ECB000AD4B3C /* Main.storyboard */; };
		047783F61D95ECB000AD4B3C /* Assets.xcassets in Resources */ = {isa = PBXBuildFile; fileRef = 047783F51D95ECB000AD4B3C /* Assets.xcassets */; };
		047783F91D95ECB000AD4B3C /* LaunchScreen.storyboard in Resources */ = {isa = PBXBuildFile; fileRef = 047783F71D95ECB000AD4B3C /* LaunchScreen.storyboard */; };
/* End PBXBuildFile section */

/* Begin PBXFileReference section */
		047783EB1D95ECB000AD4B3C /* VogueStore.app */ = {isa = PBXFileReference; explicitFileType = wrapper.application; includeInIndex = 0; path = VogueStore.app; sourceTree = BUILT_PRODUCTS_DIR; };
		047783EE1D95ECB000AD4B3C /* AppDelegate.swift */ = {isa = PBXFileReference; lastKnownFileType = sourcecode.swift; path = AppDelegate.swift; sourceTree = "<group>"; };
		047783F01D95ECB000AD4B3C /* ViewController.swift */ = {isa = PBXFileReference; lastKnownFileType = sourcecode.swift; path = ViewController.swift; sourceTree = "<group>"; };
		047783F31D95ECB000AD4B3C /* Base */ = {isa = PBXFileReference; lastKnownFileType = file.storyboard; name = Base; path = Base.lproj/Main.storyboard; sourceTree = "<group>"; };
		047783F51D95ECB000AD4B3C /* Assets.xcassets */ = {isa = PBXFileReference; lastKnownFileType = folder.assetcatalog; path = Assets.xcassets; sourceTree = "<group>"; };
		047783F81D95ECB000AD4B3C /* Base */ = {isa = PBXFileReference; lastKnownFileType = file.storyboard; name = Base; path = Base.lproj/LaunchScreen.storyboard; sourceTree = "<group>"; };
		047783FA1D95ECB000AD4B3C /* Info.plist */ = {isa = PBXFileReference; lastKnownFileType = text.plist.xml; path = Info.plist; sourceTree = "<group>"; };
/* End PBXFileReference section */

/* Begin PBXFrameworksBuildPhase section */
		047783E81D95ECAF00AD4B3C /* Frameworks */ = {
			isa = PBXFrameworksBuildPhase;
			buildActionMask = 2147483647;
			files = (
			);
			runOnlyForDeploymentPostprocessing = 0;
		};
/* End PBXFrameworksBuildPhase section */

/* Begin PBXGroup section */
		047783E21D95ECAF00AD4B3C = {
			isa = PBXGroup;
			children = (
				047783ED1D95ECB000AD4B3C /* VogueStore */,
				047783EC1D95ECB000AD4B3C /* Products */,
			);
			sourceTree = "<group>";
		};
		047783EC1D95ECB000AD4B3C /* Products */ = {
			isa = PBXGroup;
			children = (
				047783EB1D95ECB000AD4B3C /* VogueStore.app */,
			);
			name = Products;
			sourceTree = "<group>";
		};
		047783ED1D95ECB000AD4B3C /* VogueStore */ = {
			isa = PBXGroup;
			children = (
				047783EE1D95ECB000AD4B3C /* AppDelegate.swift */,
				047783F01D95ECB000AD4B3C /* ViewController.swift */,
				047783F21D95ECB000AD4B3C /* Main.storyboard */,
				047783F51D95ECB000AD4B3C /* Assets.xcassets */,
				047783F71D95ECB000AD4B3C /* LaunchScreen.storyboard */,
				047783FA1D95ECB000AD4B3C /* Info.plist */,
			);
			path = VogueStore;
			sourceTree = "<group>";
		};
/* End PBXGroup section */

/* Begin PBXNativeTarget section */
		047783EA1D95ECAF00AD4B3C /* VogueStore */ = {
			isa = PBXNativeTarget;
			buildConfigurationList = 047783FD1D95ECB000AD4B3C /* Build configuration list for PBXNativeTarget "VogueStore" */;
			buildPhases = (
				047783E71D95ECAF00AD4B3C /* Sources */,
				047783E81D95ECAF00AD4B3C /* Frameworks */,
				047783E91D95ECAF00AD4B3C /* Resources */,
			);
			buildRules = (
			);
			dependencies = (
			);
			name = VogueStore;
			productName = VogueStore;
			productReference = 047783EB1D95ECB000AD4B3C /* VogueStore.app */;
			productType = "com.apple.product-type.application";
		};
/* End PBXNativeTarget section */

/* Begin PBXProject section */
		047783E31D95ECAF00AD4B3C /* Project object */ = {
			isa = PBXProject;
			attributes = {
				LastSwiftUpdateCheck = 0800;
				LastUpgradeCheck = 0800;
				ORGANIZATIONNAME = "Corey McCourt";
				TargetAttributes = {
					047783EA1D95ECAF00AD4B3C = {
						CreatedOnToolsVersion = 8.0;
						ProvisioningStyle = Automatic;
					};
				};
			};
			buildConfigurationList = 047783E61D95ECAF00AD4B3C /* Build configuration list for PBXProject "VogueStore" */;
			compatibilityVersion = "Xcode 3.2";
			developmentRegion = English;
			hasScannedForEncodings = 0;
			knownRegions = (
				en,
				Base,
			);
			mainGroup = 047783E21D95ECAF00AD4B3C;
			productRefGroup = 047783EC1D95ECB000AD4B3C /* Products */;
			projectDirPath = "";
			projectRoot = "";
			targets = (
				047783EA1D95ECAF00AD4B3C /* VogueStore */,
			);
		};
/* End PBXProject section */

/* Begin PBXResourcesBuildPhase section */
		047783E91D95ECAF00AD4B3C /* Resources */ = {
			isa = PBXResourcesBuildPhase;
			buildActionMask = 2147483647;
			files = (
				047783F91D95ECB000AD4B3C /* LaunchScreen.storyboard in Resources */,
				047783F61D95ECB000AD4B3C /* Assets.xcassets in Resources */,
				047783F41D95ECB000AD4B3C /* Main.storyboard in Resources */,
			);
			runOnlyForDeploymentPostprocessing = 0;
		};
/* End PBXResourcesBuildPhase section */

/* Begin PBXSourcesBuildPhase section */
		047783E71D95ECAF00AD4B3C /* Sources */ = {
			isa = PBXSourcesBuildPhase;
			buildActionMask = 2147483647;
			files = (
				047783F11D95ECB000AD4B3C /* ViewController.swift in Sources */,
				047783EF1D95ECB000AD4B3C /* AppDelegate.swift in Sources */,
			);
			runOnlyForDeploymentPostprocessing = 0;
		};
/* End PBXSourcesBuildPhase section */

/* Begin PBXVariantGroup section */
		047783F21D95ECB000AD4B3C /* Main.storyboard */ = {
			isa = PBXVariantGroup;
			children = (
				047783F31D95ECB000AD4B3C /* Base */,
			);
			name = Main.storyboard;
			sourceTree = "<group>";
		};
		047783F71D95ECB000AD4B3C /* LaunchScreen.storyboard */ = {
			isa = PBXVariantGroup;
			children = (
				047783F81D95ECB000AD4B3C /* Base */,
			);
			name = LaunchScreen.storyboard;
			sourceTree = "<group>";
		};
/* End PBXVariantGroup section */

/* Begin XCBuildConfiguration section */
		047783FB1D95ECB000AD4B3C /* Debug */ = {
			isa = XCBuildConfiguration;
			buildSettings = {
				ALWAYS_SEARCH_USER_PATHS = NO;
				CLANG_ANALYZER_NONNULL = YES;
				CLANG_CXX_LANGUAGE_STANDARD = "gnu++0x";
				CLANG_CXX_LIBRARY = "libc++";
				CLANG_ENABLE_MODULES = YES;
				CLANG_ENABLE_OBJC_ARC = YES;
				CLANG_WARN_BOOL_CONVERSION = YES;
				CLANG_WARN_CONSTANT_CONVERSION = YES;
				CLANG_WARN_DIRECT_OBJC_ISA_USAGE = YES_ERROR;
				CLANG_WARN_DOCUMENTATION_COMMENTS = YES;
				CLANG_WARN_EMPTY_BODY = YES;
				CLANG_WARN_ENUM_CONVERSION = YES;
				CLANG_WARN_INFINITE_RECURSION = YES;
				CLANG_WARN_INT_CONVERSION = YES;
				CLANG_WARN_OBJC_ROOT_CLASS = YES_ERROR;
				CLANG_WARN_SUSPICIOUS_MOVES = YES;
				CLANG_WARN_UNREACHABLE_CODE = YES;
				CLANG_WARN__DUPLICATE_METHOD_MATCH = YES;
				"CODE_SIGN_IDENTITY[sdk=iphoneos*]" = "iPhone Developer";
				COPY_PHASE_STRIP = NO;
				DEBUG_INFORMATION_FORMAT = dwarf;
				ENABLE_STRICT_OBJC_MSGSEND = YES;
				ENABLE_TESTABILITY = YES;
				GCC_C_LANGUAGE_STANDARD = gnu99;
				GCC_DYNAMIC_NO_PIC = NO;
				GCC_NO_COMMON_BLOCKS = YES;
				GCC_OPTIMIZATION_LEVEL = 0;
				GCC_PREPROCESSOR_DEFINITIONS = (
					"DEBUG=1",
					"$(inherited)",
				);
				GCC_WARN_64_TO_32_BIT_CONVERSION = YES;
				GCC_WARN_ABOUT_RETURN_TYPE = YES_ERROR;
				GCC_WARN_UNDECLARED_SELECTOR = YES;
				GCC_WARN_UNINITIALIZED_AUTOS = YES_AGGRESSIVE;
				GCC_WARN_UNUSED_FUNCTION = YES;
				GCC_WARN_UNUSED_VARIABLE = YES;
				IPHONEOS_DEPLOYMENT_TARGET = 10.0;
				MTL_ENABLE_DEBUG_INFO = YES;
				ONLY_ACTIVE_ARCH = YES;
				SDKROOT = iphoneos;
				SWIFT_ACTIVE_COMPILATION_CONDITIONS = DEBUG;
				SWIFT_OPTIMIZATION_LEVEL = "-Onone";
				TARGETED_DEVICE_FAMILY = "1,2";
			};
			name = Debug;
		};
		047783FC1D95ECB000AD4B3C /* Release */ = {
			isa = XCBuildConfiguration;
			buildSettings = {
				ALWAYS_SEARCH_USER_PATHS = NO;
				CLANG_ANALYZER_NONNULL = YES;
				CLANG_CXX_LANGUAGE_STANDARD = "gnu++0x";
				CLANG_CXX_LIBRARY = "libc++";
				CLANG_ENABLE_MODULES = YES;
				CLANG_ENABLE_OBJC_ARC = YES;
				CLANG_WARN_BOOL_CONVERSION = YES;
				CLANG_WARN_CONSTANT_CONVERSION = YES;
				CLANG_WARN_DIRECT_OBJC_ISA_USAGE = YES_ERROR;
				CLANG_WARN_DOCUMENTATION_COMMENTS = YES;
				CLANG_WARN_EMPTY_BODY = YES;
				CLANG_WARN_ENUM_CONVERSION = YES;
				CLANG_WARN_INFINITE_RECURSION = YES;
				CLANG_WARN_INT_CONVERSION = YES;
				CLANG_WARN_OBJC_ROOT_CLASS = YES_ERROR;
				CLANG_WARN_SUSPICIOUS_MOVES = YES;
				CLANG_WARN_UNREACHABLE_CODE = YES;
				CLANG_WARN__DUPLICATE_METHOD_MATCH = YES;
				"CODE_SIGN_IDENTITY[sdk=iphoneos*]" = "iPhone Developer";
				COPY_PHASE_STRIP = NO;
				DEBUG_INFORMATION_FORMAT = "dwarf-with-dsym";
				ENABLE_NS_ASSERTIONS = NO;
				ENABLE_STRICT_OBJC_MSGSEND = YES;
				GCC_C_LANGUAGE_STANDARD = gnu99;
				GCC_NO_COMMON_BLOCKS = YES;
				GCC_WARN_64_TO_32_BIT_CONVERSION = YES;
				GCC_WARN_ABOUT_RETURN_TYPE = YES_ERROR;
				GCC_WARN_UNDECLARED_SELECTOR = YES;
				GCC_WARN_UNINITIALIZED_AUTOS = YES_AGGRESSIVE;
				GCC_WARN_UNUSED_FUNCTION = YES;
				GCC_WARN_UNUSED_VARIABLE = YES;
				IPHONEOS_DEPLOYMENT_TARGET = 10.0;
				MTL_ENABLE_DEBUG_INFO = NO;
				SDKROOT = iphoneos;
				SWIFT_OPTIMIZATION_LEVEL = "-Owholemodule";
				TARGETED_DEVICE_FAMILY = "1,2";
				VALIDATE_PRODUCT = YES;
			};
			name = Release;
		};
		047783FE1D95ECB000AD4B3C /* Debug */ = {
			isa = XCBuildConfiguration;
			buildSettings = {
				ASSETCATALOG_COMPILER_APPICON_NAME = AppIcon;
				INFOPLIST_FILE = VogueStore/Info.plist;
				LD_RUNPATH_SEARCH_PATHS = "$(inherited) @executable_path/Frameworks";
				PRODUCT_BUNDLE_IDENTIFIER = com.coreymccourt.VogueStore;
				PRODUCT_NAME = "$(TARGET_NAME)";
				SWIFT_VERSION = 3.0;
			};
			name = Debug;
		};
		047783FF1D95ECB000AD4B3C /* Release */ = {
			isa = XCBuildConfiguration;
			buildSettings = {
				ASSETCATALOG_COMPILER_APPICON_NAME = AppIcon;
				INFOPLIST_FILE = VogueStore/Info.plist;
				LD_RUNPATH_SEARCH_PATHS = "$(inherited) @executable_path/Frameworks";
				PRODUCT_BUNDLE_IDENTIFIER = com.coreymccourt.VogueStore;
				PRODUCT_NAME = "$(TARGET_NAME)";
				SWIFT_VERSION = 3.0;
			};
			name = Release;
		};
/* End XCBuildConfiguration section */

/* Begin XCConfigurationList section */
		047783E61D95ECAF00AD4B3C /* Build configuration list for PBXProject "VogueStore" */ = {
			isa = XCConfigurationList;
			buildConfigurations = (
				047783FB1D95ECB000AD4B3C /* Debug */,
				047783FC1D95ECB000AD4B3C /* Release */,
			);
			defaultConfigurationIsVisible = 0;
			defaultConfigurationName = Release;
		};
		047783FD1D95ECB000AD4B3C /* Build configuration list for PBXNativeTarget "VogueStore" */ = {
			isa = XCConfigurationList;
			buildConfigurations = (
				047783FE1D95ECB000AD4B3C /* Debug */,
				047783FF1D95ECB000AD4B3C /* Release */,
			);
			defaultConfigurationIsVisible = 0;
		};
/* End XCConfigurationList section */
	};
	rootObject = 047783E31D95ECAF00AD4B3C /* Project object */;
}
